{
  "name": "blockchain-matala1",
  "version": "1.0.0",
  "lockfileVersion": 2,
  "requires": true,
  "packages": {
    "": {
      "name": "blockchain-matala1",
      "version": "1.0.0",
      "license": "ISC",
      "dependencies": {
        "bloom-filters": "^3.0.0",
        "crypto": "^1.0.1",
        "debug": "^4.3.4",
        "elliptic": "^6.5.4",
        "merkle-tree": "^1.0.5",
        "prettier": "^2.8.1"
      }
    },
    "node_modules/base64-arraybuffer": {
      "version": "1.0.2",
      "resolved": "https://registry.npmjs.org/base64-arraybuffer/-/base64-arraybuffer-1.0.2.tgz",
      "integrity": "sha512-I3yl4r9QB5ZRY3XuJVEPfc2XhZO6YweFPI+UovAzn+8/hb3oJ6lnysaFcjVpkCPfVWFUDvoZ8kmVDP7WyRtYtQ==",
      "engines": {
        "node": ">= 0.6.0"
      }
    },
    "node_modules/bloom-filters": {
      "version": "3.0.0",
      "resolved": "https://registry.npmjs.org/bloom-filters/-/bloom-filters-3.0.0.tgz",
      "integrity": "sha512-DBDgLkYokKS5NA5y8P9fuTavKQCkleAP39yqpW/5Nab/vwzHv+wOPRM/yDAStghARDleyRI4orW91uuxj48LKQ==",
      "dependencies": {
        "base64-arraybuffer": "^1.0.2",
        "is-buffer": "^2.0.5",
        "lodash": "^4.17.15",
        "lodash.eq": "^4.0.0",
        "lodash.indexof": "^4.0.5",
        "long": "^5.2.0",
        "reflect-metadata": "^0.1.13",
        "seedrandom": "^3.0.5",
        "xxhashjs": "^0.2.2"
      },
      "engines": {
        "node": ">=12"
      }
    },
    "node_modules/bn.js": {
      "version": "4.12.0",
      "resolved": "https://registry.npmjs.org/bn.js/-/bn.js-4.12.0.tgz",
      "integrity": "sha512-c98Bf3tPniI+scsdk237ku1Dc3ujXQTSgyiPUDEOe7tRkhrqridvh8klBv0HCEso1OLOYcHuCv/cS6DNxKH+ZA=="
    },
    "node_modules/brorand": {
      "version": "1.1.0",
      "resolved": "https://registry.npmjs.org/brorand/-/brorand-1.1.0.tgz",
      "integrity": "sha512-cKV8tMCEpQs4hK/ik71d6LrPOnpkpGBR0wzxqr68g2m/LB2GxVYQroAjMJZRVM1Y4BCjCKc3vAamxSzOY2RP+w=="
    },
    "node_modules/crypto": {
      "version": "1.0.1",
      "resolved": "https://registry.npmjs.org/crypto/-/crypto-1.0.1.tgz",
      "integrity": "sha512-VxBKmeNcqQdiUQUW2Tzq0t377b54N2bMtXO/qiLa+6eRRmmC4qT3D4OnTGoT/U6O9aklQ/jTwbOtRMTTY8G0Ig==",
      "deprecated": "This package is no longer supported. It's now a built-in Node module. If you've depended on crypto, you should switch to the one that's built-in."
    },
    "node_modules/cuint": {
      "version": "0.2.2",
      "resolved": "https://registry.npmjs.org/cuint/-/cuint-0.2.2.tgz",
      "integrity": "sha512-d4ZVpCW31eWwCMe1YT3ur7mUDnTXbgwyzaL320DrcRT45rfjYxkt5QWLrmOJ+/UEAI2+fQgKe/fCjR8l4TpRgw=="
    },
    "node_modules/debug": {
      "version": "4.3.4",
      "resolved": "https://registry.npmjs.org/debug/-/debug-4.3.4.tgz",
      "integrity": "sha512-PRWFHuSU3eDtQJPvnNY7Jcket1j0t5OuOsFzPPzsekD52Zl8qUfFIPEiswXqIvHWGVHOgX+7G/vCNNhehwxfkQ==",
      "dependencies": {
        "ms": "2.1.2"
      },
      "engines": {
        "node": ">=6.0"
      },
      "peerDependenciesMeta": {
        "supports-color": {
          "optional": true
        }
      }
    },
    "node_modules/deep-equal": {
      "version": "0.2.2",
      "resolved": "https://registry.npmjs.org/deep-equal/-/deep-equal-0.2.2.tgz",
      "integrity": "sha512-FXgye2Jr6oEk01S7gmSrHrPEQ1ontR7wwl+nYiZ8h4SXlHVm0DYda74BIPcHz2s2qPz4+375IcAz1vsWLwddgQ=="
    },
    "node_modules/elliptic": {
      "version": "6.5.4",
      "resolved": "https://registry.npmjs.org/elliptic/-/elliptic-6.5.4.tgz",
      "integrity": "sha512-iLhC6ULemrljPZb+QutR5TQGB+pdW6KGD5RSegS+8sorOZT+rdQFbsQFJgvN3eRqNALqJer4oQ16YvJHlU8hzQ==",
      "dependencies": {
        "bn.js": "^4.11.9",
        "brorand": "^1.1.0",
        "hash.js": "^1.0.0",
        "hmac-drbg": "^1.0.1",
        "inherits": "^2.0.4",
        "minimalistic-assert": "^1.0.1",
        "minimalistic-crypto-utils": "^1.0.1"
      }
    },
    "node_modules/hash.js": {
      "version": "1.1.7",
      "resolved": "https://registry.npmjs.org/hash.js/-/hash.js-1.1.7.tgz",
      "integrity": "sha512-taOaskGt4z4SOANNseOviYDvjEJinIkRgmp7LbKP2YTTmVxWBl87s/uzK9r+44BclBSp2X7K1hqeNfz9JbBeXA==",
      "dependencies": {
        "inherits": "^2.0.3",
        "minimalistic-assert": "^1.0.1"
      }
    },
    "node_modules/hmac-drbg": {
      "version": "1.0.1",
      "resolved": "https://registry.npmjs.org/hmac-drbg/-/hmac-drbg-1.0.1.tgz",
      "integrity": "sha512-Tti3gMqLdZfhOQY1Mzf/AanLiqh1WTiJgEj26ZuYQ9fbkLomzGchCws4FyrSd4VkpBfiNhaE1On+lOz894jvXg==",
      "dependencies": {
        "hash.js": "^1.0.3",
        "minimalistic-assert": "^1.0.0",
        "minimalistic-crypto-utils": "^1.0.1"
      }
    },
    "node_modules/iced-error": {
      "version": "0.0.13",
      "resolved": "https://registry.npmjs.org/iced-error/-/iced-error-0.0.13.tgz",
      "integrity": "sha512-yEEaG8QfyyRL0SsbNNDw3rVgTyqwHFMCuV6jDvD43f/2shmdaFXkqvFLGhDlsYNSolzYHwVLM/CrXt9GygYopA=="
    },
    "node_modules/iced-lock": {
      "version": "1.1.0",
      "resolved": "https://registry.npmjs.org/iced-lock/-/iced-lock-1.1.0.tgz",
      "integrity": "sha512-J9UMVitgTMYrkUil5EB9/Q4BPWiMpFH156yjDlmMoMRKs3s3PnXj/6G0UlzIOGnNi5JVNk/zVYLXVnuo+1QnqQ==",
      "dependencies": {
        "iced-runtime": "^1.0.0"
      }
    },
    "node_modules/iced-runtime": {
      "version": "1.0.4",
      "resolved": "https://registry.npmjs.org/iced-runtime/-/iced-runtime-1.0.4.tgz",
      "integrity": "sha512-rgiJXNF6ZgF2Clh/TKUlBDW3q51YPDJUXmxGQXx1b8tbZpVpTn+1RX9q1sjNkujXIIaVxZByQzPHHORg7KV51g=="
    },
    "node_modules/iced-utils": {
      "version": "0.1.27",
      "resolved": "https://registry.npmjs.org/iced-utils/-/iced-utils-0.1.27.tgz",
      "integrity": "sha512-Yi17vdjWBXfdqYEA08mCVy1AcLCkj7UsUg3/wCJUMeE5/ZWilc2vhM7nlFpRXpa9LYgbPbg8fNAnP5V8L+TZdw==",
      "dependencies": {
        "iced-error": "^0.0.10",
        "iced-lock": "^1.0.2",
        "iced-runtime": ">=0.0.1 <2.0.0-0"
      }
    },
    "node_modules/iced-utils/node_modules/iced-error": {
      "version": "0.0.10",
      "resolved": "https://registry.npmjs.org/iced-error/-/iced-error-0.0.10.tgz",
      "integrity": "sha512-u/RWMzc/KOJZrxVG4Mm+P/xPXPTfMkTEsJVx8/b11zSIYj4uq+Ug6LBLHmln5Da3xUDO1B/uirKpuloPdN3adw=="
    },
    "node_modules/inherits": {
      "version": "2.0.4",
      "resolved": "https://registry.npmjs.org/inherits/-/inherits-2.0.4.tgz",
      "integrity": "sha512-k/vGaX4/Yla3WzyMCvTQOXYeIHvqOKtnqBduzTHpzpQZzAskKMhZ2K+EnBiSM9zGSoIFeMpXKxa4dYeZIQqewQ=="
    },
    "node_modules/is-buffer": {
      "version": "2.0.5",
      "resolved": "https://registry.npmjs.org/is-buffer/-/is-buffer-2.0.5.tgz",
      "integrity": "sha512-i2R6zNFDwgEHJyQUtJEk0XFi1i0dPFn/oqjK3/vPCcDeJvW5NQ83V8QbicfF1SupOaB0h8ntgBC2YiE7dfyctQ==",
      "funding": [
        {
          "type": "github",
          "url": "https://github.com/sponsors/feross"
        },
        {
          "type": "patreon",
          "url": "https://www.patreon.com/feross"
        },
        {
          "type": "consulting",
          "url": "https://feross.org/support"
        }
      ],
      "engines": {
        "node": ">=4"
      }
    },
    "node_modules/lodash": {
      "version": "4.17.21",
      "resolved": "https://registry.npmjs.org/lodash/-/lodash-4.17.21.tgz",
      "integrity": "sha512-v2kDEe57lecTulaDIuNTPy3Ry4gLGJ6Z1O3vE1krgXZNrsQ+LFTGHVxVjcXPs17LhbZVGedAJv8XZ1tvj5FvSg=="
    },
    "node_modules/lodash.eq": {
      "version": "4.0.0",
      "resolved": "https://registry.npmjs.org/lodash.eq/-/lodash.eq-4.0.0.tgz",
      "integrity": "sha512-vbrJpXL6kQNG6TkInxX12DZRfuYVllSxhwYqjYB78g2zF3UI15nFO/0AgmZnZRnaQ38sZtjCiVjGr2rnKt4v0g=="
    },
    "node_modules/lodash.indexof": {
      "version": "4.0.5",
      "resolved": "https://registry.npmjs.org/lodash.indexof/-/lodash.indexof-4.0.5.tgz",
      "integrity": "sha512-t9wLWMQsawdVmf6/IcAgVGqAJkNzYVcn4BHYZKTPW//l7N5Oq7Bq138BaVk19agcsPZePcidSgTTw4NqS1nUAw=="
    },
    "node_modules/long": {
      "version": "5.2.1",
      "resolved": "https://registry.npmjs.org/long/-/long-5.2.1.tgz",
      "integrity": "sha512-GKSNGeNAtw8IryjjkhZxuKB3JzlcLTwjtiQCHKvqQet81I93kXslhDQruGI/QsddO83mcDToBVy7GqGS/zYf/A=="
    },
    "node_modules/merkle-tree": {
      "version": "1.0.5",
      "resolved": "https://registry.npmjs.org/merkle-tree/-/merkle-tree-1.0.5.tgz",
      "integrity": "sha512-QUy67Ks5mq0yWnCloYB1N24tBVLr6XidM4HwsAmq98L3tgM1sMvEN4mE3pnuM2nxKfcJ1477gUMjl831Hptpyg==",
      "dependencies": {
        "deep-equal": "~0.2.1",
        "iced-error": ">=0.0.8",
        "iced-runtime": ">=0.0.1",
        "iced-utils": ">=0.1.11"
      }
    },
    "node_modules/minimalistic-assert": {
      "version": "1.0.1",
      "resolved": "https://registry.npmjs.org/minimalistic-assert/-/minimalistic-assert-1.0.1.tgz",
      "integrity": "sha512-UtJcAD4yEaGtjPezWuO9wC4nwUnVH/8/Im3yEHQP4b67cXlD/Qr9hdITCU1xDbSEXg2XKNaP8jsReV7vQd00/A=="
    },
    "node_modules/minimalistic-crypto-utils": {
      "version": "1.0.1",
      "resolved": "https://registry.npmjs.org/minimalistic-crypto-utils/-/minimalistic-crypto-utils-1.0.1.tgz",
      "integrity": "sha512-JIYlbt6g8i5jKfJ3xz7rF0LXmv2TkDxBLUkiBeZ7bAx4GnnNMr8xFpGnOxn6GhTEHx3SjRrZEoU+j04prX1ktg=="
    },
    "node_modules/ms": {
      "version": "2.1.2",
      "resolved": "https://registry.npmjs.org/ms/-/ms-2.1.2.tgz",
      "integrity": "sha512-sGkPx+VjMtmA6MX27oA4FBFELFCZZ4S4XqeGOXCv68tT+jb3vk/RyaKWP0PTKyWtmLSM0b+adUTEvbs1PEaH2w=="
    },
    "node_modules/prettier": {
      "version": "2.8.1",
      "resolved": "https://registry.npmjs.org/prettier/-/prettier-2.8.1.tgz",
      "integrity": "sha512-lqGoSJBQNJidqCHE80vqZJHWHRFoNYsSpP9AjFhlhi9ODCJA541svILes/+/1GM3VaL/abZi7cpFzOpdR9UPKg==",
      "bin": {
        "prettier": "bin-prettier.js"
      },
      "engines": {
        "node": ">=10.13.0"
      },
      "funding": {
        "url": "https://github.com/prettier/prettier?sponsor=1"
      }
    },
    "node_modules/reflect-metadata": {
      "version": "0.1.13",
      "resolved": "https://registry.npmjs.org/reflect-metadata/-/reflect-metadata-0.1.13.tgz",
      "integrity": "sha512-Ts1Y/anZELhSsjMcU605fU9RE4Oi3p5ORujwbIKXfWa+0Zxs510Qrmrce5/Jowq3cHSZSJqBjypxmHarc+vEWg=="
    },
    "node_modules/seedrandom": {
      "version": "3.0.5",
      "resolved": "https://registry.npmjs.org/seedrandom/-/seedrandom-3.0.5.tgz",
      "integrity": "sha512-8OwmbklUNzwezjGInmZ+2clQmExQPvomqjL7LFqOYqtmuxRgQYqOD3mHaU+MvZn5FLUeVxVfQjwLZW/n/JFuqg=="
    },
    "node_modules/xxhashjs": {
      "version": "0.2.2",
      "resolved": "https://registry.npmjs.org/xxhashjs/-/xxhashjs-0.2.2.tgz",
      "integrity": "sha512-AkTuIuVTET12tpsVIQo+ZU6f/qDmKuRUcjaqR+OIvm+aCBsZ95i7UVY5WJ9TMsSaZ0DA2WxoZ4acu0sPH+OKAw==",
      "dependencies": {
        "cuint": "^0.2.2"
      }
    }
  },
  "dependencies": {
    "base64-arraybuffer": {
      "version": "1.0.2",
      "resolved": "https://registry.npmjs.org/base64-arraybuffer/-/base64-arraybuffer-1.0.2.tgz",
      "integrity": "sha512-I3yl4r9QB5ZRY3XuJVEPfc2XhZO6YweFPI+UovAzn+8/hb3oJ6lnysaFcjVpkCPfVWFUDvoZ8kmVDP7WyRtYtQ=="
    },
    "bloom-filters": {
      "version": "3.0.0",
      "resolved": "https://registry.npmjs.org/bloom-filters/-/bloom-filters-3.0.0.tgz",
      "integrity": "sha512-DBDgLkYokKS5NA5y8P9fuTavKQCkleAP39yqpW/5Nab/vwzHv+wOPRM/yDAStghARDleyRI4orW91uuxj48LKQ==",
      "requires": {
        "base64-arraybuffer": "^1.0.2",
        "is-buffer": "^2.0.5",
        "lodash": "^4.17.15",
        "lodash.eq": "^4.0.0",
        "lodash.indexof": "^4.0.5",
        "long": "^5.2.0",
        "reflect-metadata": "^0.1.13",
        "seedrandom": "^3.0.5",
        "xxhashjs": "^0.2.2"
      }
    },
    "bn.js": {
      "version": "4.12.0",
      "resolved": "https://registry.npmjs.org/bn.js/-/bn.js-4.12.0.tgz",
      "integrity": "sha512-c98Bf3tPniI+scsdk237ku1Dc3ujXQTSgyiPUDEOe7tRkhrqridvh8klBv0HCEso1OLOYcHuCv/cS6DNxKH+ZA=="
    },
    "brorand": {
      "version": "1.1.0",
      "resolved": "https://registry.npmjs.org/brorand/-/brorand-1.1.0.tgz",
      "integrity": "sha512-cKV8tMCEpQs4hK/ik71d6LrPOnpkpGBR0wzxqr68g2m/LB2GxVYQroAjMJZRVM1Y4BCjCKc3vAamxSzOY2RP+w=="
    },
    "crypto": {
      "version": "1.0.1",
      "resolved": "https://registry.npmjs.org/crypto/-/crypto-1.0.1.tgz",
      "integrity": "sha512-VxBKmeNcqQdiUQUW2Tzq0t377b54N2bMtXO/qiLa+6eRRmmC4qT3D4OnTGoT/U6O9aklQ/jTwbOtRMTTY8G0Ig=="
    },
    "cuint": {
      "version": "0.2.2",
      "resolved": "https://registry.npmjs.org/cuint/-/cuint-0.2.2.tgz",
      "integrity": "sha512-d4ZVpCW31eWwCMe1YT3ur7mUDnTXbgwyzaL320DrcRT45rfjYxkt5QWLrmOJ+/UEAI2+fQgKe/fCjR8l4TpRgw=="
    },
    "debug": {
      "version": "4.3.4",
      "resolved": "https://registry.npmjs.org/debug/-/debug-4.3.4.tgz",
      "integrity": "sha512-PRWFHuSU3eDtQJPvnNY7Jcket1j0t5OuOsFzPPzsekD52Zl8qUfFIPEiswXqIvHWGVHOgX+7G/vCNNhehwxfkQ==",
      "requires": {
        "ms": "2.1.2"
      }
    },
    "deep-equal": {
      "version": "0.2.2",
      "resolved": "https://registry.npmjs.org/deep-equal/-/deep-equal-0.2.2.tgz",
      "integrity": "sha512-FXgye2Jr6oEk01S7gmSrHrPEQ1ontR7wwl+nYiZ8h4SXlHVm0DYda74BIPcHz2s2qPz4+375IcAz1vsWLwddgQ=="
    },
    "elliptic": {
      "version": "6.5.4",
      "resolved": "https://registry.npmjs.org/elliptic/-/elliptic-6.5.4.tgz",
      "integrity": "sha512-iLhC6ULemrljPZb+QutR5TQGB+pdW6KGD5RSegS+8sorOZT+rdQFbsQFJgvN3eRqNALqJer4oQ16YvJHlU8hzQ==",
      "requires": {
        "bn.js": "^4.11.9",
        "brorand": "^1.1.0",
        "hash.js": "^1.0.0",
        "hmac-drbg": "^1.0.1",
        "inherits": "^2.0.4",
        "minimalistic-assert": "^1.0.1",
        "minimalistic-crypto-utils": "^1.0.1"
      }
    },
    "hash.js": {
      "version": "1.1.7",
      "resolved": "https://registry.npmjs.org/hash.js/-/hash.js-1.1.7.tgz",
      "integrity": "sha512-taOaskGt4z4SOANNseOviYDvjEJinIkRgmp7LbKP2YTTmVxWBl87s/uzK9r+44BclBSp2X7K1hqeNfz9JbBeXA==",
      "requires": {
        "inherits": "^2.0.3",
        "minimalistic-assert": "^1.0.1"
      }
    },
    "hmac-drbg": {
      "version": "1.0.1",
      "resolved": "https://registry.npmjs.org/hmac-drbg/-/hmac-drbg-1.0.1.tgz",
      "integrity": "sha512-Tti3gMqLdZfhOQY1Mzf/AanLiqh1WTiJgEj26ZuYQ9fbkLomzGchCws4FyrSd4VkpBfiNhaE1On+lOz894jvXg==",
      "requires": {
        "hash.js": "^1.0.3",
        "minimalistic-assert": "^1.0.0",
        "minimalistic-crypto-utils": "^1.0.1"
      }
    },
    "iced-error": {
      "version": "0.0.13",
      "resolved": "https://registry.npmjs.org/iced-error/-/iced-error-0.0.13.tgz",
      "integrity": "sha512-yEEaG8QfyyRL0SsbNNDw3rVgTyqwHFMCuV6jDvD43f/2shmdaFXkqvFLGhDlsYNSolzYHwVLM/CrXt9GygYopA=="
    },
    "iced-lock": {
      "version": "1.1.0",
      "resolved": "https://registry.npmjs.org/iced-lock/-/iced-lock-1.1.0.tgz",
      "integrity": "sha512-J9UMVitgTMYrkUil5EB9/Q4BPWiMpFH156yjDlmMoMRKs3s3PnXj/6G0UlzIOGnNi5JVNk/zVYLXVnuo+1QnqQ==",
      "requires": {
        "iced-runtime": "^1.0.0"
      }
    },
    "iced-runtime": {
      "version": "1.0.4",
      "resolved": "https://registry.npmjs.org/iced-runtime/-/iced-runtime-1.0.4.tgz",
      "integrity": "sha512-rgiJXNF6ZgF2Clh/TKUlBDW3q51YPDJUXmxGQXx1b8tbZpVpTn+1RX9q1sjNkujXIIaVxZByQzPHHORg7KV51g=="
    },
    "iced-utils": {
      "version": "0.1.27",
      "resolved": "https://registry.npmjs.org/iced-utils/-/iced-utils-0.1.27.tgz",
      "integrity": "sha512-Yi17vdjWBXfdqYEA08mCVy1AcLCkj7UsUg3/wCJUMeE5/ZWilc2vhM7nlFpRXpa9LYgbPbg8fNAnP5V8L+TZdw==",
      "requires": {
        "iced-error": "^0.0.10",
        "iced-lock": "^1.0.2",
        "iced-runtime": ">=0.0.1 <2.0.0-0"
      },
      "dependencies": {
        "iced-error": {
          "version": "0.0.10",
          "resolved": "https://registry.npmjs.org/iced-error/-/iced-error-0.0.10.tgz",
          "integrity": "sha512-u/RWMzc/KOJZrxVG4Mm+P/xPXPTfMkTEsJVx8/b11zSIYj4uq+Ug6LBLHmln5Da3xUDO1B/uirKpuloPdN3adw=="
        }
      }
    },
    "inherits": {
      "version": "2.0.4",
      "resolved": "https://registry.npmjs.org/inherits/-/inherits-2.0.4.tgz",
      "integrity": "sha512-k/vGaX4/Yla3WzyMCvTQOXYeIHvqOKtnqBduzTHpzpQZzAskKMhZ2K+EnBiSM9zGSoIFeMpXKxa4dYeZIQqewQ=="
    },
    "is-buffer": {
      "version": "2.0.5",
      "resolved": "https://registry.npmjs.org/is-buffer/-/is-buffer-2.0.5.tgz",
      "integrity": "sha512-i2R6zNFDwgEHJyQUtJEk0XFi1i0dPFn/oqjK3/vPCcDeJvW5NQ83V8QbicfF1SupOaB0h8ntgBC2YiE7dfyctQ=="
    },
    "lodash": {
      "version": "4.17.21",
      "resolved": "https://registry.npmjs.org/lodash/-/lodash-4.17.21.tgz",
      "integrity": "sha512-v2kDEe57lecTulaDIuNTPy3Ry4gLGJ6Z1O3vE1krgXZNrsQ+LFTGHVxVjcXPs17LhbZVGedAJv8XZ1tvj5FvSg=="
    },
    "lodash.eq": {
      "version": "4.0.0",
      "resolved": "https://registry.npmjs.org/lodash.eq/-/lodash.eq-4.0.0.tgz",
      "integrity": "sha512-vbrJpXL6kQNG6TkInxX12DZRfuYVllSxhwYqjYB78g2zF3UI15nFO/0AgmZnZRnaQ38sZtjCiVjGr2rnKt4v0g=="
    },
    "lodash.indexof": {
      "version": "4.0.5",
      "resolved": "https://registry.npmjs.org/lodash.indexof/-/lodash.indexof-4.0.5.tgz",
      "integrity": "sha512-t9wLWMQsawdVmf6/IcAgVGqAJkNzYVcn4BHYZKTPW//l7N5Oq7Bq138BaVk19agcsPZePcidSgTTw4NqS1nUAw=="
    },
    "long": {
      "version": "5.2.1",
      "resolved": "https://registry.npmjs.org/long/-/long-5.2.1.tgz",
      "integrity": "sha512-GKSNGeNAtw8IryjjkhZxuKB3JzlcLTwjtiQCHKvqQet81I93kXslhDQruGI/QsddO83mcDToBVy7GqGS/zYf/A=="
    },
    "merkle-tree": {
      "version": "1.0.5",
      "resolved": "https://registry.npmjs.org/merkle-tree/-/merkle-tree-1.0.5.tgz",
      "integrity": "sha512-QUy67Ks5mq0yWnCloYB1N24tBVLr6XidM4HwsAmq98L3tgM1sMvEN4mE3pnuM2nxKfcJ1477gUMjl831Hptpyg==",
      "requires": {
        "deep-equal": "~0.2.1",
        "iced-error": ">=0.0.8",
        "iced-runtime": ">=0.0.1",
        "iced-utils": ">=0.1.11"
      }
    },
    "minimalistic-assert": {
      "version": "1.0.1",
      "resolved": "https://registry.npmjs.org/minimalistic-assert/-/minimalistic-assert-1.0.1.tgz",
      "integrity": "sha512-UtJcAD4yEaGtjPezWuO9wC4nwUnVH/8/Im3yEHQP4b67cXlD/Qr9hdITCU1xDbSEXg2XKNaP8jsReV7vQd00/A=="
    },
    "minimalistic-crypto-utils": {
      "version": "1.0.1",
      "resolved": "https://registry.npmjs.org/minimalistic-crypto-utils/-/minimalistic-crypto-utils-1.0.1.tgz",
      "integrity": "sha512-JIYlbt6g8i5jKfJ3xz7rF0LXmv2TkDxBLUkiBeZ7bAx4GnnNMr8xFpGnOxn6GhTEHx3SjRrZEoU+j04prX1ktg=="
    },
    "ms": {
      "version": "2.1.2",
      "resolved": "https://registry.npmjs.org/ms/-/ms-2.1.2.tgz",
      "integrity": "sha512-sGkPx+VjMtmA6MX27oA4FBFELFCZZ4S4XqeGOXCv68tT+jb3vk/RyaKWP0PTKyWtmLSM0b+adUTEvbs1PEaH2w=="
    },
    "prettier": {
      "version": "2.8.1",
      "resolved": "https://registry.npmjs.org/prettier/-/prettier-2.8.1.tgz",
      "integrity": "sha512-lqGoSJBQNJidqCHE80vqZJHWHRFoNYsSpP9AjFhlhi9ODCJA541svILes/+/1GM3VaL/abZi7cpFzOpdR9UPKg=="
    },
    "reflect-metadata": {
      "version": "0.1.13",
      "resolved": "https://registry.npmjs.org/reflect-metadata/-/reflect-metadata-0.1.13.tgz",
      "integrity": "sha512-Ts1Y/anZELhSsjMcU605fU9RE4Oi3p5ORujwbIKXfWa+0Zxs510Qrmrce5/Jowq3cHSZSJqBjypxmHarc+vEWg=="
    },
    "seedrandom": {
      "version": "3.0.5",
      "resolved": "https://registry.npmjs.org/seedrandom/-/seedrandom-3.0.5.tgz",
      "integrity": "sha512-8OwmbklUNzwezjGInmZ+2clQmExQPvomqjL7LFqOYqtmuxRgQYqOD3mHaU+MvZn5FLUeVxVfQjwLZW/n/JFuqg=="
    },
    "xxhashjs": {
      "version": "0.2.2",
      "resolved": "https://registry.npmjs.org/xxhashjs/-/xxhashjs-0.2.2.tgz",
      "integrity": "sha512-AkTuIuVTET12tpsVIQo+ZU6f/qDmKuRUcjaqR+OIvm+aCBsZ95i7UVY5WJ9TMsSaZ0DA2WxoZ4acu0sPH+OKAw==",
      "requires": {
        "cuint": "^0.2.2"
      }
    }
  }
}
